
Microsoft Visual Studio Solution File, Format Version 12.00
# Visual Studio Version 17
VisualStudioVersion = 17.13.35818.85 d17.13
MinimumVisualStudioVersion = 10.0.40219.1
Project("{FAE04EC0-301F-11D3-BF4B-00C04F79EFBC}") = "EFCoreUtilities", "src\EFCoreUtilities.csproj", "{AE102DF1-FDA3-DBD9-0706-9298A271F970}"
EndProject
Global
	GlobalSection(SolutionConfigurationPlatforms) = preSolution
		Debug|Any CPU = Debug|Any CPU
		Release|Any CPU = Release|Any CPU
	EndGlobalSection
	GlobalSection(ProjectConfigurationPlatforms) = postSolution
		{AE102DF1-FDA3-DBD9-0706-9298A271F970}.Debug|Any CPU.ActiveCfg = Debug|Any CPU
		{AE102DF1-FDA3-DBD9-0706-9298A271F970}.Debug|Any CPU.Build.0 = Debug|Any CPU
		{AE102DF1-FDA3-DBD9-0706-9298A271F970}.Release|Any CPU.ActiveCfg = Release|Any CPU
		{AE102DF1-FDA3-DBD9-0706-9298A271F970}.Release|Any CPU.Build.0 = Release|Any CPU
	EndGlobalSection
	GlobalSection(SolutionProperties) = preSolution
		HideSolutionNode = FALSE
	EndGlobalSection
	GlobalSection(ExtensibilityGlobals) = postSolution
		SolutionGuid = {8CA70A1B-5BAE-4AF4-A91C-73EC5F327F9A}
	EndGlobalSection
EndGlobal
